
Microsoft Visual Studio Solution File, Format Version 12.00
# Visual Studio Version 17
VisualStudioVersion = 17.13.35818.85 d17.13
MinimumVisualStudioVersion = 10.0.40219.1
Project("{FAE04EC0-301F-11D3-BF4B-00C04F79EFBC}") = "BikeStoreApp", "BikeStoreApp.csproj", "{3B54D86C-D1A0-4385-BA82-3AEC01B4A3FC}"
EndProject
Global
	GlobalSection(SolutionConfigurationPlatforms) = preSolution
		Debug|Any CPU = Debug|Any CPU
		Release|Any CPU = Release|Any CPU
	EndGlobalSection
	GlobalSection(ProjectConfigurationPlatforms) = postSolution
		{3B54D86C-D1A0-4385-BA82-3AEC01B4A3FC}.Debug|Any CPU.ActiveCfg = Debug|Any CPU
		{3B54D86C-D1A0-4385-BA82-3AEC01B4A3FC}.Debug|Any CPU.Build.0 = Debug|Any CPU
		{3B54D86C-D1A0-4385-BA82-3AEC01B4A3FC}.Release|Any CPU.ActiveCfg = Release|Any CPU
		{3B54D86C-D1A0-4385-BA82-3AEC01B4A3FC}.Release|Any CPU.Build.0 = Release|Any CPU
	EndGlobalSection
	GlobalSection(SolutionProperties) = preSolution
		HideSolutionNode = FALSE
	EndGlobalSection
	GlobalSection(ExtensibilityGlobals) = postSolution
		SolutionGuid = {5BA9008C-B668-4B05-AF62-5E7A8ADEF6E0}
	EndGlobalSection
EndGlobal
